
Microsoft Visual Studio Solution File, Format Version 12.00
# Visual Studio Version 16
VisualStudioVersion = 16.0.32929.386
MinimumVisualStudioVersion = 10.0.40219.1
Project("{8BC9CEB8-8B4A-11D0-8D11-00A0C91BC942}") = "GetUserListByMem", "GetUserListByMem.vcxproj", "{BB292A5B-F8B4-4E49-826C-88C47C9545BF}"
EndProject
Global
	GlobalSection(SolutionConfigurationPlatforms) = preSolution
		Debug|x64 = Debug|x64
		Debug|x86 = Debug|x86
		Release|x64 = Release|x64
		Release|x86 = Release|x86
	EndGlobalSection
	GlobalSection(ProjectConfigurationPlatforms) = postSolution
		{BB292A5B-F8B4-4E49-826C-88C47C9545BF}.Debug|x64.ActiveCfg = Debug|x64
		{BB292A5B-F8B4-4E49-826C-88C47C9545BF}.Debug|x64.Build.0 = Debug|x64
		{BB292A5B-F8B4-4E49-826C-88C47C9545BF}.Debug|x86.ActiveCfg = Debug|Win32
		{BB292A5B-F8B4-4E49-826C-88C47C9545BF}.Debug|x86.Build.0 = Debug|Win32
		{BB292A5B-F8B4-4E49-826C-88C47C9545BF}.Release|x64.ActiveCfg = Release|x64
		{BB292A5B-F8B4-4E49-826C-88C47C9545BF}.Release|x64.Build.0 = Release|x64
		{BB292A5B-F8B4-4E49-826C-88C47C9545BF}.Release|x86.ActiveCfg = Release|Win32
		{BB292A5B-F8B4-4E49-826C-88C47C9545BF}.Release|x86.Build.0 = Release|Win32
	EndGlobalSection
	GlobalSection(SolutionProperties) = preSolution
		HideSolutionNode = FALSE
	EndGlobalSection
	GlobalSection(ExtensibilityGlobals) = postSolution
		SolutionGuid = {3008BE26-53B5-484F-8D2C-0905C7FC7F3C}
	EndGlobalSection
EndGlobal
