
Microsoft Visual Studio Solution File, Format Version 12.00
# Visual Studio Version 16
VisualStudioVersion = 16.0.32929.386
MinimumVisualStudioVersion = 10.0.40219.1
Project("{8BC9CEB8-8B4A-11D0-8D11-00A0C91BC942}") = "SendTextMsg", "SendTextMsg.vcxproj", "{7FC8EC67-7374-4737-B399-CEDADC3DEC40}"
EndProject
Global
	GlobalSection(SolutionConfigurationPlatforms) = preSolution
		Debug|x64 = Debug|x64
		Debug|x86 = Debug|x86
		Release|x64 = Release|x64
		Release|x86 = Release|x86
	EndGlobalSection
	GlobalSection(ProjectConfigurationPlatforms) = postSolution
		{7FC8EC67-7374-4737-B399-CEDADC3DEC40}.Debug|x64.ActiveCfg = Debug|x64
		{7FC8EC67-7374-4737-B399-CEDADC3DEC40}.Debug|x64.Build.0 = Debug|x64
		{7FC8EC67-7374-4737-B399-CEDADC3DEC40}.Debug|x86.ActiveCfg = Debug|Win32
		{7FC8EC67-7374-4737-B399-CEDADC3DEC40}.Debug|x86.Build.0 = Debug|Win32
		{7FC8EC67-7374-4737-B399-CEDADC3DEC40}.Release|x64.ActiveCfg = Release|x64
		{7FC8EC67-7374-4737-B399-CEDADC3DEC40}.Release|x64.Build.0 = Release|x64
		{7FC8EC67-7374-4737-B399-CEDADC3DEC40}.Release|x86.ActiveCfg = Release|Win32
		{7FC8EC67-7374-4737-B399-CEDADC3DEC40}.Release|x86.Build.0 = Release|Win32
	EndGlobalSection
	GlobalSection(SolutionProperties) = preSolution
		HideSolutionNode = FALSE
	EndGlobalSection
	GlobalSection(ExtensibilityGlobals) = postSolution
		SolutionGuid = {157A0325-AB04-4E73-BDD0-CD306F03316F}
	EndGlobalSection
EndGlobal
